// !$*UTF8*$!
{
	archiveVersion = 1;
	classes = {
	};
	objectVersion = 50;
	objects = {

/* Begin PBXBuildFile section */
		1B26BFB52180F49100DF5325 /* AppDelegate.swift in Sources */ = {isa = PBXBuildFile; fileRef = 1B26BFB42180F49100DF5325 /* AppDelegate.swift */; };
		1B26BFB72180F49100DF5325 /* AddWordTabViewController.swift in Sources */ = {isa = PBXBuildFile; fileRef = 1B26BFB62180F49100DF5325 /* AddWordTabViewController.swift */; };
		1B26BFB92180F49100DF5325 /* DictionaryTabViewController.swift in Sources */ = {isa = PBXBuildFile; fileRef = 1B26BFB82180F49100DF5325 /* DictionaryTabViewController.swift */; };
		1B26BFBC2180F49100DF5325 /* Main.storyboard in Resources */ = {isa = PBXBuildFile; fileRef = 1B26BFBA2180F49100DF5325 /* Main.storyboard */; };
		1B26BFBE2180F49200DF5325 /* Assets.xcassets in Resources */ = {isa = PBXBuildFile; fileRef = 1B26BFBD2180F49200DF5325 /* Assets.xcassets */; };
		1B26BFC12180F49200DF5325 /* LaunchScreen.storyboard in Resources */ = {isa = PBXBuildFile; fileRef = 1B26BFBF2180F49200DF5325 /* LaunchScreen.storyboard */; };
		1B26BFCC2180F49200DF5325 /* LingvinityTests.swift in Sources */ = {isa = PBXBuildFile; fileRef = 1B26BFCB2180F49200DF5325 /* LingvinityTests.swift */; };
		1B26BFD72180F49200DF5325 /* LingvinityUITests.swift in Sources */ = {isa = PBXBuildFile; fileRef = 1B26BFD62180F49200DF5325 /* LingvinityUITests.swift */; };
		1B26BFE521905F4600DF5325 /* TrainingTabViewController.swift in Sources */ = {isa = PBXBuildFile; fileRef = 1B26BFE421905F4600DF5325 /* TrainingTabViewController.swift */; };
		1B26BFE721905FF800DF5325 /* SettingsTabViewController.swift in Sources */ = {isa = PBXBuildFile; fileRef = 1B26BFE621905FF800DF5325 /* SettingsTabViewController.swift */; };
		5D3BA23421A56928002A1ECE /* CreateNewAlbumCollectionViewCell.swift in Sources */ = {isa = PBXBuildFile; fileRef = 5D3BA23221A56928002A1ECE /* CreateNewAlbumCollectionViewCell.swift */; };
		5D3BA23521A56928002A1ECE /* CreateNewAlbumCollectionViewCell.xib in Resources */ = {isa = PBXBuildFile; fileRef = 5D3BA23321A56928002A1ECE /* CreateNewAlbumCollectionViewCell.xib */; };
		5D3BA23821A56992002A1ECE /* DictionaryAlbumCollectionViewCell.swift in Sources */ = {isa = PBXBuildFile; fileRef = 5D3BA23621A56992002A1ECE /* DictionaryAlbumCollectionViewCell.swift */; };
		5D3BA23921A56992002A1ECE /* DictionaryAlbumCollectionViewCell.xib in Resources */ = {isa = PBXBuildFile; fileRef = 5D3BA23721A56992002A1ECE /* DictionaryAlbumCollectionViewCell.xib */; };
		5D3BA23B21A586D9002A1ECE /* AlbumModel.swift in Sources */ = {isa = PBXBuildFile; fileRef = 5D3BA23A21A586D9002A1ECE /* AlbumModel.swift */; };
		5D97E4BF21BF968A00C2F79B /* ImageStorageService.swift in Sources */ = {isa = PBXBuildFile; fileRef = 5D97E4BE21BF968A00C2F79B /* ImageStorageService.swift */; };
		5D97E4C121BFA7C300C2F79B /* MobileNet.mlmodel in Sources */ = {isa = PBXBuildFile; fileRef = 5D97E4C021BFA7C300C2F79B /* MobileNet.mlmodel */; };
		5D97E4C321BFD57800C2F79B /* PredictionService.swift in Sources */ = {isa = PBXBuildFile; fileRef = 5D97E4C221BFD57800C2F79B /* PredictionService.swift */; };
		5D9FC1A421C115050067C65F /* AlbumDetailViewController.swift in Sources */ = {isa = PBXBuildFile; fileRef = 5D9FC1A321C115050067C65F /* AlbumDetailViewController.swift */; };
		5D9FC1A821C11BD60067C65F /* AlbumWordTableViewCell.swift in Sources */ = {isa = PBXBuildFile; fileRef = 5D9FC1A621C11BD60067C65F /* AlbumWordTableViewCell.swift */; };
		5D9FC1A921C11BD60067C65F /* AlbumWordTableViewCell.xib in Resources */ = {isa = PBXBuildFile; fileRef = 5D9FC1A721C11BD60067C65F /* AlbumWordTableViewCell.xib */; };
		6C22187321A4A1010046F5F4 /* StorageModel.swift in Sources */ = {isa = PBXBuildFile; fileRef = 6C22187221A4A1010046F5F4 /* StorageModel.swift */; };
		6C4897FC21BD71830083ECC1 /* StorageService.swift in Sources */ = {isa = PBXBuildFile; fileRef = 6C4897FB21BD71830083ECC1 /* StorageService.swift */; };
		6CD2045421BEE20C00625171 /* words.sqlite in Resources */ = {isa = PBXBuildFile; fileRef = 6CD2045321BEE20C00625171 /* words.sqlite */; };
		89BCB825896064DD1D388A31 /* Pods_Lingvinity.framework in Frameworks */ = {isa = PBXBuildFile; fileRef = 08F825ED2A9199215F7EC731 /* Pods_Lingvinity.framework */; };
/* End PBXBuildFile section */

/* Begin PBXContainerItemProxy section */
		1B26BFC82180F49200DF5325 /* PBXContainerItemProxy */ = {
			isa = PBXContainerItemProxy;
			containerPortal = 1B26BFA92180F49100DF5325 /* Project object */;
			proxyType = 1;
			remoteGlobalIDString = 1B26BFB02180F49100DF5325;
			remoteInfo = Lingvinity;
		};
		1B26BFD32180F49200DF5325 /* PBXContainerItemProxy */ = {
			isa = PBXContainerItemProxy;
			containerPortal = 1B26BFA92180F49100DF5325 /* Project object */;
			proxyType = 1;
			remoteGlobalIDString = 1B26BFB02180F49100DF5325;
			remoteInfo = Lingvinity;
		};
/* End PBXContainerItemProxy section */

/* Begin PBXCopyFilesBuildPhase section */
		6C48BC9221BDBE530083ECC1 /* Embed Frameworks */ = {
			isa = PBXCopyFilesBuildPhase;
			buildActionMask = 2147483647;
			dstPath = "";
			dstSubfolderSpec = 10;
			files = (
			);
			name = "Embed Frameworks";
			runOnlyForDeploymentPostprocessing = 0;
		};
/* End PBXCopyFilesBuildPhase section */

/* Begin PBXFileReference section */
		08F825ED2A9199215F7EC731 /* Pods_Lingvinity.framework */ = {isa = PBXFileReference; explicitFileType = wrapper.framework; includeInIndex = 0; path = Pods_Lingvinity.framework; sourceTree = BUILT_PRODUCTS_DIR; };
		1B26BFB12180F49100DF5325 /* Lingvinity.app */ = {isa = PBXFileReference; explicitFileType = wrapper.application; includeInIndex = 0; path = Lingvinity.app; sourceTree = BUILT_PRODUCTS_DIR; };
		1B26BFB42180F49100DF5325 /* AppDelegate.swift */ = {isa = PBXFileReference; lastKnownFileType = sourcecode.swift; path = AppDelegate.swift; sourceTree = "<group>"; };
		1B26BFB62180F49100DF5325 /* AddWordTabViewController.swift */ = {isa = PBXFileReference; lastKnownFileType = sourcecode.swift; path = AddWordTabViewController.swift; sourceTree = "<group>"; };
		1B26BFB82180F49100DF5325 /* DictionaryTabViewController.swift */ = {isa = PBXFileReference; lastKnownFileType = sourcecode.swift; path = DictionaryTabViewController.swift; sourceTree = "<group>"; };
		1B26BFBB2180F49100DF5325 /* Base */ = {isa = PBXFileReference; lastKnownFileType = file.storyboard; name = Base; path = Base.lproj/Main.storyboard; sourceTree = "<group>"; };
		1B26BFBD2180F49200DF5325 /* Assets.xcassets */ = {isa = PBXFileReference; lastKnownFileType = folder.assetcatalog; path = Assets.xcassets; sourceTree = "<group>"; };
		1B26BFC02180F49200DF5325 /* Base */ = {isa = PBXFileReference; lastKnownFileType = file.storyboard; name = Base; path = Base.lproj/LaunchScreen.storyboard; sourceTree = "<group>"; };
		1B26BFC22180F49200DF5325 /* Info.plist */ = {isa = PBXFileReference; lastKnownFileType = text.plist.xml; path = Info.plist; sourceTree = "<group>"; };
		1B26BFC72180F49200DF5325 /* LingvinityTests.xctest */ = {isa = PBXFileReference; explicitFileType = wrapper.cfbundle; includeInIndex = 0; path = LingvinityTests.xctest; sourceTree = BUILT_PRODUCTS_DIR; };
		1B26BFCB2180F49200DF5325 /* LingvinityTests.swift */ = {isa = PBXFileReference; lastKnownFileType = sourcecode.swift; path = LingvinityTests.swift; sourceTree = "<group>"; };
		1B26BFCD2180F49200DF5325 /* Info.plist */ = {isa = PBXFileReference; lastKnownFileType = text.plist.xml; path = Info.plist; sourceTree = "<group>"; };
		1B26BFD22180F49200DF5325 /* LingvinityUITests.xctest */ = {isa = PBXFileReference; explicitFileType = wrapper.cfbundle; includeInIndex = 0; path = LingvinityUITests.xctest; sourceTree = BUILT_PRODUCTS_DIR; };
		1B26BFD62180F49200DF5325 /* LingvinityUITests.swift */ = {isa = PBXFileReference; lastKnownFileType = sourcecode.swift; path = LingvinityUITests.swift; sourceTree = "<group>"; };
		1B26BFD82180F49200DF5325 /* Info.plist */ = {isa = PBXFileReference; lastKnownFileType = text.plist.xml; path = Info.plist; sourceTree = "<group>"; };
		1B26BFE421905F4600DF5325 /* TrainingTabViewController.swift */ = {isa = PBXFileReference; lastKnownFileType = sourcecode.swift; path = TrainingTabViewController.swift; sourceTree = "<group>"; };
		1B26BFE621905FF800DF5325 /* SettingsTabViewController.swift */ = {isa = PBXFileReference; lastKnownFileType = sourcecode.swift; path = SettingsTabViewController.swift; sourceTree = "<group>"; };
		59EA1B305C8F46DD98E5CA19 /* Pods-Lingvinity.release.xcconfig */ = {isa = PBXFileReference; includeInIndex = 1; lastKnownFileType = text.xcconfig; name = "Pods-Lingvinity.release.xcconfig"; path = "Pods/Target Support Files/Pods-Lingvinity/Pods-Lingvinity.release.xcconfig"; sourceTree = "<group>"; };
		5D3BA23221A56928002A1ECE /* CreateNewAlbumCollectionViewCell.swift */ = {isa = PBXFileReference; lastKnownFileType = sourcecode.swift; path = CreateNewAlbumCollectionViewCell.swift; sourceTree = "<group>"; };
		5D3BA23321A56928002A1ECE /* CreateNewAlbumCollectionViewCell.xib */ = {isa = PBXFileReference; lastKnownFileType = file.xib; path = CreateNewAlbumCollectionViewCell.xib; sourceTree = "<group>"; };
		5D3BA23621A56992002A1ECE /* DictionaryAlbumCollectionViewCell.swift */ = {isa = PBXFileReference; lastKnownFileType = sourcecode.swift; path = DictionaryAlbumCollectionViewCell.swift; sourceTree = "<group>"; };
		5D3BA23721A56992002A1ECE /* DictionaryAlbumCollectionViewCell.xib */ = {isa = PBXFileReference; lastKnownFileType = file.xib; path = DictionaryAlbumCollectionViewCell.xib; sourceTree = "<group>"; };
		5D3BA23A21A586D9002A1ECE /* AlbumModel.swift */ = {isa = PBXFileReference; lastKnownFileType = sourcecode.swift; path = AlbumModel.swift; sourceTree = "<group>"; };
		5D97E4BE21BF968A00C2F79B /* ImageStorageService.swift */ = {isa = PBXFileReference; lastKnownFileType = sourcecode.swift; path = ImageStorageService.swift; sourceTree = "<group>"; };
		5D97E4C021BFA7C300C2F79B /* MobileNet.mlmodel */ = {isa = PBXFileReference; lastKnownFileType = file.mlmodel; name = MobileNet.mlmodel; path = Lingvinity/MobileNet.mlmodel; sourceTree = "<group>"; };
		5D97E4C221BFD57800C2F79B /* PredictionService.swift */ = {isa = PBXFileReference; lastKnownFileType = sourcecode.swift; path = PredictionService.swift; sourceTree = "<group>"; };
		5D9FC1A321C115050067C65F /* AlbumDetailViewController.swift */ = {isa = PBXFileReference; lastKnownFileType = sourcecode.swift; path = AlbumDetailViewController.swift; sourceTree = "<group>"; };
		5D9FC1A621C11BD60067C65F /* AlbumWordTableViewCell.swift */ = {isa = PBXFileReference; lastKnownFileType = sourcecode.swift; path = AlbumWordTableViewCell.swift; sourceTree = "<group>"; };
		5D9FC1A721C11BD60067C65F /* AlbumWordTableViewCell.xib */ = {isa = PBXFileReference; lastKnownFileType = file.xib; path = AlbumWordTableViewCell.xib; sourceTree = "<group>"; };
		6C22187221A4A1010046F5F4 /* StorageModel.swift */ = {isa = PBXFileReference; lastKnownFileType = sourcecode.swift; path = StorageModel.swift; sourceTree = "<group>"; };
		6C4897FB21BD71830083ECC1 /* StorageService.swift */ = {isa = PBXFileReference; lastKnownFileType = sourcecode.swift; path = StorageService.swift; sourceTree = "<group>"; };
		6CD2045321BEE20C00625171 /* words.sqlite */ = {isa = PBXFileReference; lastKnownFileType = file; path = words.sqlite; sourceTree = "<group>"; };
		91CAC6DA397B69757DD3B306 /* Pods-Lingvinity.debug.xcconfig */ = {isa = PBXFileReference; includeInIndex = 1; lastKnownFileType = text.xcconfig; name = "Pods-Lingvinity.debug.xcconfig"; path = "Pods/Target Support Files/Pods-Lingvinity/Pods-Lingvinity.debug.xcconfig"; sourceTree = "<group>"; };
/* End PBXFileReference section */

/* Begin PBXFrameworksBuildPhase section */
		1B26BFAE2180F49100DF5325 /* Frameworks */ = {
			isa = PBXFrameworksBuildPhase;
			buildActionMask = 2147483647;
			files = (
				89BCB825896064DD1D388A31 /* Pods_Lingvinity.framework in Frameworks */,
			);
			runOnlyForDeploymentPostprocessing = 0;
		};
		1B26BFC42180F49200DF5325 /* Frameworks */ = {
			isa = PBXFrameworksBuildPhase;
			buildActionMask = 2147483647;
			files = (
			);
			runOnlyForDeploymentPostprocessing = 0;
		};
		1B26BFCF2180F49200DF5325 /* Frameworks */ = {
			isa = PBXFrameworksBuildPhase;
			buildActionMask = 2147483647;
			files = (
			);
			runOnlyForDeploymentPostprocessing = 0;
		};
/* End PBXFrameworksBuildPhase section */

/* Begin PBXGroup section */
		1B26BFA82180F49100DF5325 = {
			isa = PBXGroup;
			children = (
				6CD2045321BEE20C00625171 /* words.sqlite */,
				5D97E4C021BFA7C300C2F79B /* MobileNet.mlmodel */,
				1B26BFB32180F49100DF5325 /* Lingvinity */,
				1B26BFCA2180F49200DF5325 /* LingvinityTests */,
				1B26BFD52180F49200DF5325 /* LingvinityUITests */,
				1B26BFB22180F49100DF5325 /* Products */,
				6C48BC0521BDBC1E0083ECC1 /* Frameworks */,
				863CDAC1930C014A05C47461 /* Pods */,
			);
			sourceTree = "<group>";
		};
		1B26BFB22180F49100DF5325 /* Products */ = {
			isa = PBXGroup;
			children = (
				1B26BFB12180F49100DF5325 /* Lingvinity.app */,
				1B26BFC72180F49200DF5325 /* LingvinityTests.xctest */,
				1B26BFD22180F49200DF5325 /* LingvinityUITests.xctest */,
			);
			name = Products;
			sourceTree = "<group>";
		};
		1B26BFB32180F49100DF5325 /* Lingvinity */ = {
			isa = PBXGroup;
			children = (
				6C89F4E121C056D6008FCBDD /* Models */,
				6C4897FA21BD711C0083ECC1 /* Services */,
				1B26BFBA2180F49100DF5325 /* Main.storyboard */,
				1B26BFB42180F49100DF5325 /* AppDelegate.swift */,
				1B26BFB62180F49100DF5325 /* AddWordTabViewController.swift */,
				1B26BFE621905FF800DF5325 /* SettingsTabViewController.swift */,
				1B26BFE421905F4600DF5325 /* TrainingTabViewController.swift */,
				5DC21EC0219C65230087ABFA /* Dictionary */,
				1B26BFBD2180F49200DF5325 /* Assets.xcassets */,
				1B26BFBF2180F49200DF5325 /* LaunchScreen.storyboard */,
				1B26BFC22180F49200DF5325 /* Info.plist */,
			);
			path = Lingvinity;
			sourceTree = "<group>";
		};
		1B26BFCA2180F49200DF5325 /* LingvinityTests */ = {
			isa = PBXGroup;
			children = (
				1B26BFCB2180F49200DF5325 /* LingvinityTests.swift */,
				1B26BFCD2180F49200DF5325 /* Info.plist */,
			);
			path = LingvinityTests;
			sourceTree = "<group>";
		};
		1B26BFD52180F49200DF5325 /* LingvinityUITests */ = {
			isa = PBXGroup;
			children = (
				1B26BFD62180F49200DF5325 /* LingvinityUITests.swift */,
				1B26BFD82180F49200DF5325 /* Info.plist */,
			);
			path = LingvinityUITests;
			sourceTree = "<group>";
		};
		5D9FC1A521C11B830067C65F /* Album */ = {
			isa = PBXGroup;
			children = (
				5D9FC1A321C115050067C65F /* AlbumDetailViewController.swift */,
				5D9FC1A621C11BD60067C65F /* AlbumWordTableViewCell.swift */,
				5D9FC1A721C11BD60067C65F /* AlbumWordTableViewCell.xib */,
			);
			name = Album;
			sourceTree = "<group>";
		};
		5DC21EC0219C65230087ABFA /* Dictionary */ = {
			isa = PBXGroup;
			children = (
				5D9FC1A521C11B830067C65F /* Album */,
				1B26BFB82180F49100DF5325 /* DictionaryTabViewController.swift */,
				5D3BA23221A56928002A1ECE /* CreateNewAlbumCollectionViewCell.swift */,
				5D3BA23321A56928002A1ECE /* CreateNewAlbumCollectionViewCell.xib */,
				5D3BA23621A56992002A1ECE /* DictionaryAlbumCollectionViewCell.swift */,
				5D3BA23721A56992002A1ECE /* DictionaryAlbumCollectionViewCell.xib */,
			);
			path = Dictionary;
			sourceTree = "<group>";
		};
		6C4897FA21BD711C0083ECC1 /* Services */ = {
			isa = PBXGroup;
			children = (
				6C4897FB21BD71830083ECC1 /* StorageService.swift */,
				5D97E4BE21BF968A00C2F79B /* ImageStorageService.swift */,
				5D97E4C221BFD57800C2F79B /* PredictionService.swift */,
			);
			path = Services;
			sourceTree = "<group>";
		};
		6C48BC0521BDBC1E0083ECC1 /* Frameworks */ = {
			isa = PBXGroup;
			children = (
				08F825ED2A9199215F7EC731 /* Pods_Lingvinity.framework */,
			);
			name = Frameworks;
			sourceTree = "<group>";
		};
		6C89F4E121C056D6008FCBDD /* Models */ = {
			isa = PBXGroup;
			children = (
				6C22187221A4A1010046F5F4 /* StorageModel.swift */,
				5D3BA23A21A586D9002A1ECE /* AlbumModel.swift */,
			);
			path = Models;
			sourceTree = "<group>";
		};
		863CDAC1930C014A05C47461 /* Pods */ = {
			isa = PBXGroup;
			children = (
				91CAC6DA397B69757DD3B306 /* Pods-Lingvinity.debug.xcconfig */,
				59EA1B305C8F46DD98E5CA19 /* Pods-Lingvinity.release.xcconfig */,
			);
			name = Pods;
			sourceTree = "<group>";
		};
/* End PBXGroup section */

/* Begin PBXNativeTarget section */
		1B26BFB02180F49100DF5325 /* Lingvinity */ = {
			isa = PBXNativeTarget;
			buildConfigurationList = 1B26BFDB2180F49200DF5325 /* Build configuration list for PBXNativeTarget "Lingvinity" */;
			buildPhases = (
				019B593198B6AE5E54436F1E /* [CP] Check Pods Manifest.lock */,
				1B26BFAD2180F49100DF5325 /* Sources */,
				1B26BFAE2180F49100DF5325 /* Frameworks */,
				1B26BFAF2180F49100DF5325 /* Resources */,
				6C48BC9221BDBE530083ECC1 /* Embed Frameworks */,
				2B2FC209A8C0D14A46F1ABA3 /* [CP] Embed Pods Frameworks */,
			);
			buildRules = (
			);
			dependencies = (
			);
			name = Lingvinity;
			productName = Lingvinity;
			productReference = 1B26BFB12180F49100DF5325 /* Lingvinity.app */;
			productType = "com.apple.product-type.application";
		};
		1B26BFC62180F49200DF5325 /* LingvinityTests */ = {
			isa = PBXNativeTarget;
			buildConfigurationList = 1B26BFDE2180F49200DF5325 /* Build configuration list for PBXNativeTarget "LingvinityTests" */;
			buildPhases = (
				1B26BFC32180F49200DF5325 /* Sources */,
				1B26BFC42180F49200DF5325 /* Frameworks */,
				1B26BFC52180F49200DF5325 /* Resources */,
			);
			buildRules = (
			);
			dependencies = (
				1B26BFC92180F49200DF5325 /* PBXTargetDependency */,
			);
			name = LingvinityTests;
			productName = LingvinityTests;
			productReference = 1B26BFC72180F49200DF5325 /* LingvinityTests.xctest */;
			productType = "com.apple.product-type.bundle.unit-test";
		};
		1B26BFD12180F49200DF5325 /* LingvinityUITests */ = {
			isa = PBXNativeTarget;
			buildConfigurationList = 1B26BFE12180F49200DF5325 /* Build configuration list for PBXNativeTarget "LingvinityUITests" */;
			buildPhases = (
				1B26BFCE2180F49200DF5325 /* Sources */,
				1B26BFCF2180F49200DF5325 /* Frameworks */,
				1B26BFD02180F49200DF5325 /* Resources */,
			);
			buildRules = (
			);
			dependencies = (
				1B26BFD42180F49200DF5325 /* PBXTargetDependency */,
			);
			name = LingvinityUITests;
			productName = LingvinityUITests;
			productReference = 1B26BFD22180F49200DF5325 /* LingvinityUITests.xctest */;
			productType = "com.apple.product-type.bundle.ui-testing";
		};
/* End PBXNativeTarget section */

/* Begin PBXProject section */
		1B26BFA92180F49100DF5325 /* Project object */ = {
			isa = PBXProject;
			attributes = {
				KnownAssetTags = (
					New,
				);
				LastSwiftUpdateCheck = 1000;
				LastUpgradeCheck = 1000;
				ORGANIZATIONNAME = "IT-Berries";
				TargetAttributes = {
					1B26BFB02180F49100DF5325 = {
						CreatedOnToolsVersion = 10.0;
					};
					1B26BFC62180F49200DF5325 = {
						CreatedOnToolsVersion = 10.0;
						TestTargetID = 1B26BFB02180F49100DF5325;
					};
					1B26BFD12180F49200DF5325 = {
						CreatedOnToolsVersion = 10.0;
						TestTargetID = 1B26BFB02180F49100DF5325;
					};
				};
			};
			buildConfigurationList = 1B26BFAC2180F49100DF5325 /* Build configuration list for PBXProject "Lingvinity" */;
			compatibilityVersion = "Xcode 9.3";
			developmentRegion = en;
			hasScannedForEncodings = 0;
			knownRegions = (
				en,
				Base,
			);
			mainGroup = 1B26BFA82180F49100DF5325;
			productRefGroup = 1B26BFB22180F49100DF5325 /* Products */;
			projectDirPath = "";
			projectRoot = "";
			targets = (
				1B26BFB02180F49100DF5325 /* Lingvinity */,
				1B26BFC62180F49200DF5325 /* LingvinityTests */,
				1B26BFD12180F49200DF5325 /* LingvinityUITests */,
			);
		};
/* End PBXProject section */

/* Begin PBXResourcesBuildPhase section */
		1B26BFAF2180F49100DF5325 /* Resources */ = {
			isa = PBXResourcesBuildPhase;
			buildActionMask = 2147483647;
			files = (
				5D9FC1A921C11BD60067C65F /* AlbumWordTableViewCell.xib in Resources */,
				1B26BFC12180F49200DF5325 /* LaunchScreen.storyboard in Resources */,
				6CD2045421BEE20C00625171 /* words.sqlite in Resources */,
				1B26BFBE2180F49200DF5325 /* Assets.xcassets in Resources */,
				1B26BFBC2180F49100DF5325 /* Main.storyboard in Resources */,
				5D3BA23921A56992002A1ECE /* DictionaryAlbumCollectionViewCell.xib in Resources */,
				5D3BA23521A56928002A1ECE /* CreateNewAlbumCollectionViewCell.xib in Resources */,
			);
			runOnlyForDeploymentPostprocessing = 0;
		};
		1B26BFC52180F49200DF5325 /* Resources */ = {
			isa = PBXResourcesBuildPhase;
			buildActionMask = 2147483647;
			files = (
			);
			runOnlyForDeploymentPostprocessing = 0;
		};
		1B26BFD02180F49200DF5325 /* Resources */ = {
			isa = PBXResourcesBuildPhase;
			buildActionMask = 2147483647;
			files = (
			);
			runOnlyForDeploymentPostprocessing = 0;
		};
/* End PBXResourcesBuildPhase section */

/* Begin PBXShellScriptBuildPhase section */
		019B593198B6AE5E54436F1E /* [CP] Check Pods Manifest.lock */ = {
			isa = PBXShellScriptBuildPhase;
			buildActionMask = 2147483647;
			files = (
			);
			inputFileListPaths = (
			);
			inputPaths = (
				"${PODS_PODFILE_DIR_PATH}/Podfile.lock",
				"${PODS_ROOT}/Manifest.lock",
			);
			name = "[CP] Check Pods Manifest.lock";
			outputFileListPaths = (
			);
			outputPaths = (
				"$(DERIVED_FILE_DIR)/Pods-Lingvinity-checkManifestLockResult.txt",
			);
			runOnlyForDeploymentPostprocessing = 0;
			shellPath = /bin/sh;
			shellScript = "diff \"${PODS_PODFILE_DIR_PATH}/Podfile.lock\" \"${PODS_ROOT}/Manifest.lock\" > /dev/null\nif [ $? != 0 ] ; then\n    # print error to STDERR\n    echo \"error: The sandbox is not in sync with the Podfile.lock. Run 'pod install' or update your CocoaPods installation.\" >&2\n    exit 1\nfi\n# This output is used by Xcode 'outputs' to avoid re-running this script phase.\necho \"SUCCESS\" > \"${SCRIPT_OUTPUT_FILE_0}\"\n";
			showEnvVarsInLog = 0;
		};
		2B2FC209A8C0D14A46F1ABA3 /* [CP] Embed Pods Frameworks */ = {
			isa = PBXShellScriptBuildPhase;
			buildActionMask = 2147483647;
			files = (
			);
			inputFileListPaths = (
			);
			inputPaths = (
				"${SRCROOT}/Pods/Target Support Files/Pods-Lingvinity/Pods-Lingvinity-frameworks.sh",
				"${BUILT_PRODUCTS_DIR}/SQLite.swift/SQLite.framework",
			);
			name = "[CP] Embed Pods Frameworks";
			outputFileListPaths = (
			);
			outputPaths = (
				"${TARGET_BUILD_DIR}/${FRAMEWORKS_FOLDER_PATH}/SQLite.framework",
			);
			runOnlyForDeploymentPostprocessing = 0;
			shellPath = /bin/sh;
			shellScript = "\"${SRCROOT}/Pods/Target Support Files/Pods-Lingvinity/Pods-Lingvinity-frameworks.sh\"\n";
			showEnvVarsInLog = 0;
		};
/* End PBXShellScriptBuildPhase section */

/* Begin PBXSourcesBuildPhase section */
		1B26BFAD2180F49100DF5325 /* Sources */ = {
			isa = PBXSourcesBuildPhase;
			buildActionMask = 2147483647;
			files = (
				1B26BFB92180F49100DF5325 /* DictionaryTabViewController.swift in Sources */,
				5D3BA23821A56992002A1ECE /* DictionaryAlbumCollectionViewCell.swift in Sources */,
				1B26BFB52180F49100DF5325 /* AppDelegate.swift in Sources */,
				5D3BA23421A56928002A1ECE /* CreateNewAlbumCollectionViewCell.swift in Sources */,
				1B26BFE521905F4600DF5325 /* TrainingTabViewController.swift in Sources */,
				5D9FC1A821C11BD60067C65F /* AlbumWordTableViewCell.swift in Sources */,
				5D3BA23B21A586D9002A1ECE /* AlbumModel.swift in Sources */,
				6C22187321A4A1010046F5F4 /* StorageModel.swift in Sources */,
				1B26BFB72180F49100DF5325 /* AddWordTabViewController.swift in Sources */,
				5D97E4C121BFA7C300C2F79B /* MobileNet.mlmodel in Sources */,
				5D97E4BF21BF968A00C2F79B /* ImageStorageService.swift in Sources */,
				6C4897FC21BD71830083ECC1 /* StorageService.swift in Sources */,
				5D9FC1A421C115050067C65F /* AlbumDetailViewController.swift in Sources */,
				5D97E4C321BFD57800C2F79B /* PredictionService.swift in Sources */,
				1B26BFE721905FF800DF5325 /* SettingsTabViewController.swift in Sources */,
			);
			runOnlyForDeploymentPostprocessing = 0;
		};
		1B26BFC32180F49200DF5325 /* Sources */ = {
			isa = PBXSourcesBuildPhase;
			buildActionMask = 2147483647;
			files = (
				1B26BFCC2180F49200DF5325 /* LingvinityTests.swift in Sources */,
			);
			runOnlyForDeploymentPostprocessing = 0;
		};
		1B26BFCE2180F49200DF5325 /* Sources */ = {
			isa = PBXSourcesBuildPhase;
			buildActionMask = 2147483647;
			files = (
				1B26BFD72180F49200DF5325 /* LingvinityUITests.swift in Sources */,
			);
			runOnlyForDeploymentPostprocessing = 0;
		};
/* End PBXSourcesBuildPhase section */

/* Begin PBXTargetDependency section */
		1B26BFC92180F49200DF5325 /* PBXTargetDependency */ = {
			isa = PBXTargetDependency;
			target = 1B26BFB02180F49100DF5325 /* Lingvinity */;
			targetProxy = 1B26BFC82180F49200DF5325 /* PBXContainerItemProxy */;
		};
		1B26BFD42180F49200DF5325 /* PBXTargetDependency */ = {
			isa = PBXTargetDependency;
			target = 1B26BFB02180F49100DF5325 /* Lingvinity */;
			targetProxy = 1B26BFD32180F49200DF5325 /* PBXContainerItemProxy */;
		};
/* End PBXTargetDependency section */

/* Begin PBXVariantGroup section */
		1B26BFBA2180F49100DF5325 /* Main.storyboard */ = {
			isa = PBXVariantGroup;
			children = (
				1B26BFBB2180F49100DF5325 /* Base */,
			);
			name = Main.storyboard;
			sourceTree = "<group>";
		};
		1B26BFBF2180F49200DF5325 /* LaunchScreen.storyboard */ = {
			isa = PBXVariantGroup;
			children = (
				1B26BFC02180F49200DF5325 /* Base */,
			);
			name = LaunchScreen.storyboard;
			sourceTree = "<group>";
		};
/* End PBXVariantGroup section */

/* Begin XCBuildConfiguration section */
		1B26BFD92180F49200DF5325 /* Debug */ = {
			isa = XCBuildConfiguration;
			buildSettings = {
				ALWAYS_SEARCH_USER_PATHS = NO;
				CLANG_ANALYZER_NONNULL = YES;
				CLANG_ANALYZER_NUMBER_OBJECT_CONVERSION = YES_AGGRESSIVE;
				CLANG_CXX_LANGUAGE_STANDARD = "gnu++14";
				CLANG_CXX_LIBRARY = "libc++";
				CLANG_ENABLE_MODULES = YES;
				CLANG_ENABLE_OBJC_ARC = YES;
				CLANG_ENABLE_OBJC_WEAK = YES;
				CLANG_WARN_BLOCK_CAPTURE_AUTORELEASING = YES;
				CLANG_WARN_BOOL_CONVERSION = YES;
				CLANG_WARN_COMMA = YES;
				CLANG_WARN_CONSTANT_CONVERSION = YES;
				CLANG_WARN_DEPRECATED_OBJC_IMPLEMENTATIONS = YES;
				CLANG_WARN_DIRECT_OBJC_ISA_USAGE = YES_ERROR;
				CLANG_WARN_DOCUMENTATION_COMMENTS = YES;
				CLANG_WARN_EMPTY_BODY = YES;
				CLANG_WARN_ENUM_CONVERSION = YES;
				CLANG_WARN_INFINITE_RECURSION = YES;
				CLANG_WARN_INT_CONVERSION = YES;
				CLANG_WARN_NON_LITERAL_NULL_CONVERSION = YES;
				CLANG_WARN_OBJC_IMPLICIT_RETAIN_SELF = YES;
				CLANG_WARN_OBJC_LITERAL_CONVERSION = YES;
				CLANG_WARN_OBJC_ROOT_CLASS = YES_ERROR;
				CLANG_WARN_RANGE_LOOP_ANALYSIS = YES;
				CLANG_WARN_STRICT_PROTOTYPES = YES;
				CLANG_WARN_SUSPICIOUS_MOVE = YES;
				CLANG_WARN_UNGUARDED_AVAILABILITY = YES_AGGRESSIVE;
				CLANG_WARN_UNREACHABLE_CODE = YES;
				CLANG_WARN__DUPLICATE_METHOD_MATCH = YES;
				CODE_SIGN_IDENTITY = "iPhone Developer";
				COPY_PHASE_STRIP = NO;
				DEBUG_INFORMATION_FORMAT = dwarf;
				ENABLE_STRICT_OBJC_MSGSEND = YES;
				ENABLE_TESTABILITY = YES;
				GCC_C_LANGUAGE_STANDARD = gnu11;
				GCC_DYNAMIC_NO_PIC = NO;
				GCC_NO_COMMON_BLOCKS = YES;
				GCC_OPTIMIZATION_LEVEL = 0;
				GCC_PREPROCESSOR_DEFINITIONS = (
					"DEBUG=1",
					"$(inherited)",
				);
				GCC_WARN_64_TO_32_BIT_CONVERSION = YES;
				GCC_WARN_ABOUT_RETURN_TYPE = YES_ERROR;
				GCC_WARN_UNDECLARED_SELECTOR = YES;
				GCC_WARN_UNINITIALIZED_AUTOS = YES_AGGRESSIVE;
				GCC_WARN_UNUSED_FUNCTION = YES;
				GCC_WARN_UNUSED_VARIABLE = YES;
				IPHONEOS_DEPLOYMENT_TARGET = 12.0;
				MTL_ENABLE_DEBUG_INFO = INCLUDE_SOURCE;
				MTL_FAST_MATH = YES;
				ONLY_ACTIVE_ARCH = YES;
				SDKROOT = iphoneos;
				SWIFT_ACTIVE_COMPILATION_CONDITIONS = DEBUG;
				SWIFT_OPTIMIZATION_LEVEL = "-Onone";
			};
			name = Debug;
		};
		1B26BFDA2180F49200DF5325 /* Release */ = {
			isa = XCBuildConfiguration;
			buildSettings = {
				ALWAYS_SEARCH_USER_PATHS = NO;
				CLANG_ANALYZER_NONNULL = YES;
				CLANG_ANALYZER_NUMBER_OBJECT_CONVERSION = YES_AGGRESSIVE;
				CLANG_CXX_LANGUAGE_STANDARD = "gnu++14";
				CLANG_CXX_LIBRARY = "libc++";
				CLANG_ENABLE_MODULES = YES;
				CLANG_ENABLE_OBJC_ARC = YES;
				CLANG_ENABLE_OBJC_WEAK = YES;
				CLANG_WARN_BLOCK_CAPTURE_AUTORELEASING = YES;
				CLANG_WARN_BOOL_CONVERSION = YES;
				CLANG_WARN_COMMA = YES;
				CLANG_WARN_CONSTANT_CONVERSION = YES;
				CLANG_WARN_DEPRECATED_OBJC_IMPLEMENTATIONS = YES;
				CLANG_WARN_DIRECT_OBJC_ISA_USAGE = YES_ERROR;
				CLANG_WARN_DOCUMENTATION_COMMENTS = YES;
				CLANG_WARN_EMPTY_BODY = YES;
				CLANG_WARN_ENUM_CONVERSION = YES;
				CLANG_WARN_INFINITE_RECURSION = YES;
				CLANG_WARN_INT_CONVERSION = YES;
				CLANG_WARN_NON_LITERAL_NULL_CONVERSION = YES;
				CLANG_WARN_OBJC_IMPLICIT_RETAIN_SELF = YES;
				CLANG_WARN_OBJC_LITERAL_CONVERSION = YES;
				CLANG_WARN_OBJC_ROOT_CLASS = YES_ERROR;
				CLANG_WARN_RANGE_LOOP_ANALYSIS = YES;
				CLANG_WARN_STRICT_PROTOTYPES = YES;
				CLANG_WARN_SUSPICIOUS_MOVE = YES;
				CLANG_WARN_UNGUARDED_AVAILABILITY = YES_AGGRESSIVE;
				CLANG_WARN_UNREACHABLE_CODE = YES;
				CLANG_WARN__DUPLICATE_METHOD_MATCH = YES;
				CODE_SIGN_IDENTITY = "iPhone Developer";
				COPY_PHASE_STRIP = NO;
				DEBUG_INFORMATION_FORMAT = "dwarf-with-dsym";
				ENABLE_NS_ASSERTIONS = NO;
				ENABLE_STRICT_OBJC_MSGSEND = YES;
				GCC_C_LANGUAGE_STANDARD = gnu11;
				GCC_NO_COMMON_BLOCKS = YES;
				GCC_WARN_64_TO_32_BIT_CONVERSION = YES;
				GCC_WARN_ABOUT_RETURN_TYPE = YES_ERROR;
				GCC_WARN_UNDECLARED_SELECTOR = YES;
				GCC_WARN_UNINITIALIZED_AUTOS = YES_AGGRESSIVE;
				GCC_WARN_UNUSED_FUNCTION = YES;
				GCC_WARN_UNUSED_VARIABLE = YES;
				IPHONEOS_DEPLOYMENT_TARGET = 12.0;
				MTL_ENABLE_DEBUG_INFO = NO;
				MTL_FAST_MATH = YES;
				SDKROOT = iphoneos;
				SWIFT_COMPILATION_MODE = wholemodule;
				SWIFT_OPTIMIZATION_LEVEL = "-O";
				VALIDATE_PRODUCT = YES;
			};
			name = Release;
		};
		1B26BFDC2180F49200DF5325 /* Debug */ = {
			isa = XCBuildConfiguration;
			baseConfigurationReference = 91CAC6DA397B69757DD3B306 /* Pods-Lingvinity.debug.xcconfig */;
			buildSettings = {
				ALWAYS_EMBED_SWIFT_STANDARD_LIBRARIES = YES;
				ASSETCATALOG_COMPILER_APPICON_NAME = AppIcon;
				CODE_SIGN_STYLE = Manual;
				DEVELOPMENT_TEAM = "";
				INFOPLIST_FILE = Lingvinity/Info.plist;
				LD_RUNPATH_SEARCH_PATHS = (
					"$(inherited)",
					"@executable_path/Frameworks",
				);
				PRODUCT_BUNDLE_IDENTIFIER = it.berries.Lingvinity;
				PRODUCT_NAME = "$(TARGET_NAME)";
				PROVISIONING_PROFILE_SPECIFIER = "";
				SWIFT_VERSION = 4.2;
				TARGETED_DEVICE_FAMILY = "1,2";
			};
			name = Debug;
		};
		1B26BFDD2180F49200DF5325 /* Release */ = {
			isa = XCBuildConfiguration;
			baseConfigurationReference = 59EA1B305C8F46DD98E5CA19 /* Pods-Lingvinity.release.xcconfig */;
			buildSettings = {
				ALWAYS_EMBED_SWIFT_STANDARD_LIBRARIES = YES;
				ASSETCATALOG_COMPILER_APPICON_NAME = AppIcon;
				CODE_SIGN_STYLE = Manual;
				DEVELOPMENT_TEAM = "";
				INFOPLIST_FILE = Lingvinity/Info.plist;
				LD_RUNPATH_SEARCH_PATHS = (
					"$(inherited)",
					"@executable_path/Frameworks",
				);
				PRODUCT_BUNDLE_IDENTIFIER = it.berries.Lingvinity;
				PRODUCT_NAME = "$(TARGET_NAME)";
				PROVISIONING_PROFILE_SPECIFIER = "";
				SWIFT_VERSION = 4.2;
				TARGETED_DEVICE_FAMILY = "1,2";
			};
			name = Release;
		};
		1B26BFDF2180F49200DF5325 /* Debug */ = {
			isa = XCBuildConfiguration;
			buildSettings = {
				ALWAYS_EMBED_SWIFT_STANDARD_LIBRARIES = YES;
				BUNDLE_LOADER = "$(TEST_HOST)";
				CODE_SIGN_STYLE = Automatic;
				INFOPLIST_FILE = LingvinityTests/Info.plist;
				LD_RUNPATH_SEARCH_PATHS = (
					"$(inherited)",
					"@executable_path/Frameworks",
					"@loader_path/Frameworks",
				);
				PRODUCT_BUNDLE_IDENTIFIER = it.berries.LingvinityTests;
				PRODUCT_NAME = "$(TARGET_NAME)";
				SWIFT_VERSION = 4.2;
				TARGETED_DEVICE_FAMILY = "1,2";
				TEST_HOST = "$(BUILT_PRODUCTS_DIR)/Lingvinity.app/Lingvinity";
			};
			name = Debug;
		};
		1B26BFE02180F49200DF5325 /* Release */ = {
			isa = XCBuildConfiguration;
			buildSettings = {
				ALWAYS_EMBED_SWIFT_STANDARD_LIBRARIES = YES;
				BUNDLE_LOADER = "$(TEST_HOST)";
				CODE_SIGN_STYLE = Automatic;
				INFOPLIST_FILE = LingvinityTests/Info.plist;
				LD_RUNPATH_SEARCH_PATHS = (
					"$(inherited)",
					"@executable_path/Frameworks",
					"@loader_path/Frameworks",
				);
				PRODUCT_BUNDLE_IDENTIFIER = it.berries.LingvinityTests;
				PRODUCT_NAME = "$(TARGET_NAME)";
				SWIFT_VERSION = 4.2;
				TARGETED_DEVICE_FAMILY = "1,2";
				TEST_HOST = "$(BUILT_PRODUCTS_DIR)/Lingvinity.app/Lingvinity";
			};
			name = Release;
		};
		1B26BFE22180F49200DF5325 /* Debug */ = {
			isa = XCBuildConfiguration;
			buildSettings = {
				ALWAYS_EMBED_SWIFT_STANDARD_LIBRARIES = YES;
				CODE_SIGN_STYLE = Automatic;
				INFOPLIST_FILE = LingvinityUITests/Info.plist;
				LD_RUNPATH_SEARCH_PATHS = (
					"$(inherited)",
					"@executable_path/Frameworks",
					"@loader_path/Frameworks",
				);
				PRODUCT_BUNDLE_IDENTIFIER = it.berries.LingvinityUITests;
				PRODUCT_NAME = "$(TARGET_NAME)";
				SWIFT_VERSION = 4.2;
				TARGETED_DEVICE_FAMILY = "1,2";
				TEST_TARGET_NAME = Lingvinity;
			};
			name = Debug;
		};
		1B26BFE32180F49200DF5325 /* Release */ = {
			isa = XCBuildConfiguration;
			buildSettings = {
				ALWAYS_EMBED_SWIFT_STANDARD_LIBRARIES = YES;
				CODE_SIGN_STYLE = Automatic;
				INFOPLIST_FILE = LingvinityUITests/Info.plist;
				LD_RUNPATH_SEARCH_PATHS = (
					"$(inherited)",
					"@executable_path/Frameworks",
					"@loader_path/Frameworks",
				);
				PRODUCT_BUNDLE_IDENTIFIER = it.berries.LingvinityUITests;
				PRODUCT_NAME = "$(TARGET_NAME)";
				SWIFT_VERSION = 4.2;
				TARGETED_DEVICE_FAMILY = "1,2";
				TEST_TARGET_NAME = Lingvinity;
			};
			name = Release;
		};
/* End XCBuildConfiguration section */

/* Begin XCConfigurationList section */
		1B26BFAC2180F49100DF5325 /* Build configuration list for PBXProject "Lingvinity" */ = {
			isa = XCConfigurationList;
			buildConfigurations = (
				1B26BFD92180F49200DF5325 /* Debug */,
				1B26BFDA2180F49200DF5325 /* Release */,
			);
			defaultConfigurationIsVisible = 0;
			defaultConfigurationName = Release;
		};
		1B26BFDB2180F49200DF5325 /* Build configuration list for PBXNativeTarget "Lingvinity" */ = {
			isa = XCConfigurationList;
			buildConfigurations = (
				1B26BFDC2180F49200DF5325 /* Debug */,
				1B26BFDD2180F49200DF5325 /* Release */,
			);
			defaultConfigurationIsVisible = 0;
			defaultConfigurationName = Release;
		};
		1B26BFDE2180F49200DF5325 /* Build configuration list for PBXNativeTarget "LingvinityTests" */ = {
			isa = XCConfigurationList;
			buildConfigurations = (
				1B26BFDF2180F49200DF5325 /* Debug */,
				1B26BFE02180F49200DF5325 /* Release */,
			);
			defaultConfigurationIsVisible = 0;
			defaultConfigurationName = Release;
		};
		1B26BFE12180F49200DF5325 /* Build configuration list for PBXNativeTarget "LingvinityUITests" */ = {
			isa = XCConfigurationList;
			buildConfigurations = (
				1B26BFE22180F49200DF5325 /* Debug */,
				1B26BFE32180F49200DF5325 /* Release */,
			);
			defaultConfigurationIsVisible = 0;
			defaultConfigurationName = Release;
		};
/* End XCConfigurationList section */
	};
	rootObject = 1B26BFA92180F49100DF5325 /* Project object */;
}
